
Microsoft Visual Studio Solution File, Format Version 12.00
# Visual Studio Version 16
VisualStudioVersion = 16.0.29709.97
MinimumVisualStudioVersion = 10.0.40219.1
Project("{9A19103F-16F7-4668-BE54-9A1E7A4F7556}") = "TMarket.WEB", "TMarket.WEB\TMarket.WEB.csproj", "{C41829D0-6158-4391-A639-BECBE4ECC1E4}"
EndProject
Project("{9A19103F-16F7-4668-BE54-9A1E7A4F7556}") = "TMarket.Persistence", "TMarket.Persistence\TMarket.Persistence.csproj", "{931FFA69-3E45-4723-AEDB-499FB8E7E6CF}"
EndProject
Project("{9A19103F-16F7-4668-BE54-9A1E7A4F7556}") = "TMarket.Application", "TMarket.Application\TMarket.Application.csproj", "{43FCE8E5-3C5C-4D9C-874B-E3BB141B2BE8}"
EndProject
Project("{FAE04EC0-301F-11D3-BF4B-00C04F79EFBC}") = "Testing", "Testing\Testing.csproj", "{AAAD2373-A71A-4B90-B6F5-A7C3422F15F4}"
EndProject
Global
	GlobalSection(SolutionConfigurationPlatforms) = preSolution
		Debug|Any CPU = Debug|Any CPU
		Release|Any CPU = Release|Any CPU
	EndGlobalSection
	GlobalSection(ProjectConfigurationPlatforms) = postSolution
		{C41829D0-6158-4391-A639-BECBE4ECC1E4}.Debug|Any CPU.ActiveCfg = Debug|Any CPU
		{C41829D0-6158-4391-A639-BECBE4ECC1E4}.Debug|Any CPU.Build.0 = Debug|Any CPU
		{C41829D0-6158-4391-A639-BECBE4ECC1E4}.Release|Any CPU.ActiveCfg = Release|Any CPU
		{C41829D0-6158-4391-A639-BECBE4ECC1E4}.Release|Any CPU.Build.0 = Release|Any CPU
		{931FFA69-3E45-4723-AEDB-499FB8E7E6CF}.Debug|Any CPU.ActiveCfg = Debug|Any CPU
		{931FFA69-3E45-4723-AEDB-499FB8E7E6CF}.Debug|Any CPU.Build.0 = Debug|Any CPU
		{931FFA69-3E45-4723-AEDB-499FB8E7E6CF}.Release|Any CPU.ActiveCfg = Release|Any CPU
		{931FFA69-3E45-4723-AEDB-499FB8E7E6CF}.Release|Any CPU.Build.0 = Release|Any CPU
		{43FCE8E5-3C5C-4D9C-874B-E3BB141B2BE8}.Debug|Any CPU.ActiveCfg = Debug|Any CPU
		{43FCE8E5-3C5C-4D9C-874B-E3BB141B2BE8}.Debug|Any CPU.Build.0 = Debug|Any CPU
		{43FCE8E5-3C5C-4D9C-874B-E3BB141B2BE8}.Release|Any CPU.ActiveCfg = Release|Any CPU
		{43FCE8E5-3C5C-4D9C-874B-E3BB141B2BE8}.Release|Any CPU.Build.0 = Release|Any CPU
		{AAAD2373-A71A-4B90-B6F5-A7C3422F15F4}.Debug|Any CPU.ActiveCfg = Debug|Any CPU
		{AAAD2373-A71A-4B90-B6F5-A7C3422F15F4}.Debug|Any CPU.Build.0 = Debug|Any CPU
		{AAAD2373-A71A-4B90-B6F5-A7C3422F15F4}.Release|Any CPU.ActiveCfg = Release|Any CPU
		{AAAD2373-A71A-4B90-B6F5-A7C3422F15F4}.Release|Any CPU.Build.0 = Release|Any CPU
	EndGlobalSection
	GlobalSection(SolutionProperties) = preSolution
		HideSolutionNode = FALSE
	EndGlobalSection
	GlobalSection(ExtensibilityGlobals) = postSolution
		SolutionGuid = {6F3A1CFE-0299-4A1C-B3E3-25B78A38D63B}
	EndGlobalSection
EndGlobal
